
Microsoft Visual Studio Solution File, Format Version 12.00
# Visual Studio Version 16
VisualStudioVersion = 16.0.29503.13
MinimumVisualStudioVersion = 10.0.40219.1
Project("{FAE04EC0-301F-11D3-BF4B-00C04F79EFBC}") = "unique_elements", "unique_elements\unique_elements.csproj", "{F3FF317C-BEB2-4DFE-AD95-5152289CE007}"
EndProject
Global
	GlobalSection(SolutionConfigurationPlatforms) = preSolution
		Debug|Any CPU = Debug|Any CPU
		Release|Any CPU = Release|Any CPU
	EndGlobalSection
	GlobalSection(ProjectConfigurationPlatforms) = postSolution
		{F3FF317C-BEB2-4DFE-AD95-5152289CE007}.Debug|Any CPU.ActiveCfg = Debug|Any CPU
		{F3FF317C-BEB2-4DFE-AD95-5152289CE007}.Debug|Any CPU.Build.0 = Debug|Any CPU
		{F3FF317C-BEB2-4DFE-AD95-5152289CE007}.Release|Any CPU.ActiveCfg = Release|Any CPU
		{F3FF317C-BEB2-4DFE-AD95-5152289CE007}.Release|Any CPU.Build.0 = Release|Any CPU
	EndGlobalSection
	GlobalSection(SolutionProperties) = preSolution
		HideSolutionNode = FALSE
	EndGlobalSection
	GlobalSection(ExtensibilityGlobals) = postSolution
		SolutionGuid = {4D829B7C-C5BA-4766-9949-684547BE5FA6}
	EndGlobalSection
EndGlobal
